
Microsoft Visual Studio Solution File, Format Version 12.00
# Visual Studio Version 16
VisualStudioVersion = 16.0.30907.101
MinimumVisualStudioVersion = 10.0.40219.1
Project("{FAE04EC0-301F-11D3-BF4B-00C04F79EFBC}") = "Actions", "Actions\Actions.csproj", "{34192456-1AC1-4E69-AD6E-968C08EFC658}"
EndProject
Project("{FAE04EC0-301F-11D3-BF4B-00C04F79EFBC}") = "Actions.Tests", "Actions.Tests\Actions.Tests.csproj", "{96F135AE-67CF-4F87-9B46-8D3E5AB2A3DA}"
EndProject
Global
	GlobalSection(SolutionConfigurationPlatforms) = preSolution
		Debug|Any CPU = Debug|Any CPU
		Release|Any CPU = Release|Any CPU
	EndGlobalSection
	GlobalSection(ProjectConfigurationPlatforms) = postSolution
		{34192456-1AC1-4E69-AD6E-968C08EFC658}.Debug|Any CPU.ActiveCfg = Debug|Any CPU
		{34192456-1AC1-4E69-AD6E-968C08EFC658}.Debug|Any CPU.Build.0 = Debug|Any CPU
		{34192456-1AC1-4E69-AD6E-968C08EFC658}.Release|Any CPU.ActiveCfg = Release|Any CPU
		{34192456-1AC1-4E69-AD6E-968C08EFC658}.Release|Any CPU.Build.0 = Release|Any CPU
		{96F135AE-67CF-4F87-9B46-8D3E5AB2A3DA}.Debug|Any CPU.ActiveCfg = Debug|Any CPU
		{96F135AE-67CF-4F87-9B46-8D3E5AB2A3DA}.Debug|Any CPU.Build.0 = Debug|Any CPU
		{96F135AE-67CF-4F87-9B46-8D3E5AB2A3DA}.Release|Any CPU.ActiveCfg = Release|Any CPU
		{96F135AE-67CF-4F87-9B46-8D3E5AB2A3DA}.Release|Any CPU.Build.0 = Release|Any CPU
	EndGlobalSection
	GlobalSection(SolutionProperties) = preSolution
		HideSolutionNode = FALSE
	EndGlobalSection
	GlobalSection(ExtensibilityGlobals) = postSolution
		SolutionGuid = {2D5EEAC7-6D74-474E-BF6B-15F9B2A5C090}
	EndGlobalSection
EndGlobal
